
Microsoft Visual Studio Solution File, Format Version 12.00
# Visual Studio Version 17
VisualStudioVersion = 17.2.32616.157
MinimumVisualStudioVersion = 10.0.40219.1
Project("{FAE04EC0-301F-11D3-BF4B-00C04F79EFBC}") = "identity-guide-1", "identity-guide-1\identity-guide-1.csproj", "{4A656F48-9E06-4005-94E3-CD6643F1826D}"
EndProject
Global
	GlobalSection(SolutionConfigurationPlatforms) = preSolution
		Debug|Any CPU = Debug|Any CPU
		Release|Any CPU = Release|Any CPU
	EndGlobalSection
	GlobalSection(ProjectConfigurationPlatforms) = postSolution
		{4A656F48-9E06-4005-94E3-CD6643F1826D}.Debug|Any CPU.ActiveCfg = Debug|Any CPU
		{4A656F48-9E06-4005-94E3-CD6643F1826D}.Debug|Any CPU.Build.0 = Debug|Any CPU
		{4A656F48-9E06-4005-94E3-CD6643F1826D}.Release|Any CPU.ActiveCfg = Release|Any CPU
		{4A656F48-9E06-4005-94E3-CD6643F1826D}.Release|Any CPU.Build.0 = Release|Any CPU
	EndGlobalSection
	GlobalSection(SolutionProperties) = preSolution
		HideSolutionNode = FALSE
	EndGlobalSection
	GlobalSection(ExtensibilityGlobals) = postSolution
		SolutionGuid = {5D39F1B0-29F9-41F9-AED4-2613FA05D19F}
	EndGlobalSection
EndGlobal
